
Microsoft Visual Studio Solution File, Format Version 12.00
# Visual Studio Version 17
VisualStudioVersion = 17.10.34916.146
MinimumVisualStudioVersion = 10.0.40219.1
Project("{8BC9CEB8-8B4A-11D0-8D11-00A0C91BC942}") = "oop_laba6", "oop_laba6\oop_laba6.vcxproj", "{27F1BFEE-5FAA-4F7F-AEF6-F3D209FE4AFA}"
EndProject
Global
	GlobalSection(SolutionConfigurationPlatforms) = preSolution
		Debug|x64 = Debug|x64
		Debug|x86 = Debug|x86
		Release|x64 = Release|x64
		Release|x86 = Release|x86
	EndGlobalSection
	GlobalSection(ProjectConfigurationPlatforms) = postSolution
		{27F1BFEE-5FAA-4F7F-AEF6-F3D209FE4AFA}.Debug|x64.ActiveCfg = Debug|x64
		{27F1BFEE-5FAA-4F7F-AEF6-F3D209FE4AFA}.Debug|x64.Build.0 = Debug|x64
		{27F1BFEE-5FAA-4F7F-AEF6-F3D209FE4AFA}.Debug|x86.ActiveCfg = Debug|Win32
		{27F1BFEE-5FAA-4F7F-AEF6-F3D209FE4AFA}.Debug|x86.Build.0 = Debug|Win32
		{27F1BFEE-5FAA-4F7F-AEF6-F3D209FE4AFA}.Release|x64.ActiveCfg = Release|x64
		{27F1BFEE-5FAA-4F7F-AEF6-F3D209FE4AFA}.Release|x64.Build.0 = Release|x64
		{27F1BFEE-5FAA-4F7F-AEF6-F3D209FE4AFA}.Release|x86.ActiveCfg = Release|Win32
		{27F1BFEE-5FAA-4F7F-AEF6-F3D209FE4AFA}.Release|x86.Build.0 = Release|Win32
	EndGlobalSection
	GlobalSection(SolutionProperties) = preSolution
		HideSolutionNode = FALSE
	EndGlobalSection
	GlobalSection(ExtensibilityGlobals) = postSolution
		SolutionGuid = {4CB94EED-8048-465D-92EB-C3E5FF1AAE27}
	EndGlobalSection
EndGlobal
